<?xml version="1.0" encoding="UTF-8" standalone="yes" ?>
<CodeBlocks_project_file>
	<FileVersion major="1" minor="6" />
	<Project>
		<Option title="BANK2BMP" />
		<Option pch_mode="2" />
		<Option compiler="gcc" />
		<Build>
			<Target title="Debug">
				<Option output="bin/Debug/ProjectB" prefix_auto="1" extension_auto="1" />
				<Option object_output="obj/Debug/" />
				<Option type="1" />
				<Option compiler="gcc" />
				<Compiler>
					<Add option="-g" />
					<Add directory="include" />
				</Compiler>
			</Target>
			<Target title="Release">
				<Option output="bin/Release/ProjectB" prefix_auto="1" extension_auto="1" />
				<Option object_output="obj/Release/" />
				<Option type="0" />
				<Option compiler="gcc" />
				<Compiler>
					<Add option="-O2" />
					<Add directory="include" />
				</Compiler>
				<Linker>
					<Add option="-s" />
				</Linker>
			</Target>
		</Build>
		<Compiler>
			<Add option="-Wall" />
			<Add option="`sdl2-config --cflags`" />
			<Add directory="C:/SDL2/SDL2-2.0.14/i686-w64-mingw32/include/SDL2" />
		</Compiler>
		<Linker>
			<Add option="`sdl2-config --libs`" />
			<Add directory="C:/SDL2/SDL2-2.0.14/i686-w64-mingw32/lib" />
		</Linker>
		<Unit filename="include/Actor.h">
			<Option target="Release" />
		</Unit>
		<Unit filename="include/BaltieTypes.h">
			<Option target="&lt;{~None~}&gt;" />
		</Unit>
		<Unit filename="include/Bank.h">
			<Option target="&lt;{~None~}&gt;" />
		</Unit>
		<Unit filename="include/Engine.h">
			<Option target="Release" />
		</Unit>
		<Unit filename="include/InitError.h">
			<Option target="Release" />
		</Unit>
		<Unit filename="include/Tile.h">
			<Option target="&lt;{~None~}&gt;" />
		</Unit>
		<Unit filename="src/Actor.cpp" />
		<Unit filename="src/Bank.cpp" />
		<Unit filename="src/Engine.cpp" />
		<Unit filename="src/InitError.cpp" />
		<Unit filename="src/Tile.cpp" />
		<Unit filename="src/main.cpp" />
		<Extensions />
	</Project>
</CodeBlocks_project_file>
